
Microsoft Visual Studio Solution File, Format Version 11.00
# Visual Studio 2010
Project("{FAE04EC0-301F-11D3-BF4B-00C04F79EFBC}") = "BasicLogger", "BasicLogger\BasicLogger.csproj", "{7920C051-2014-4E48-B025-1DC0E3DDFF67}"
EndProject
Project("{FAE04EC0-301F-11D3-BF4B-00C04F79EFBC}") = "BasicLoggerTest", "BasicLoggerTest\BasicLoggerTest.csproj", "{D0C7E0B1-8B5A-47AA-A5C2-8ACA6A936033}"
EndProject
Global
	GlobalSection(TeamFoundationVersionControl) = preSolution
		SccNumberOfProjects = 3
		SccEnterpriseProvider = {4CA58AB2-18FA-4F8D-95D4-32DDF27D184C}
		SccTeamFoundationServer = http://ilstfs:8080/tfs/ils
		SccLocalPath0 = .
		SccProjectUniqueName1 = BasicLogger\\BasicLogger.csproj
		SccProjectName1 = BasicLogger
		SccLocalPath1 = BasicLogger
		SccProjectUniqueName2 = BasicLoggerTest\\BasicLoggerTest.csproj
		SccProjectName2 = BasicLoggerTest
		SccLocalPath2 = BasicLoggerTest
	EndGlobalSection
	GlobalSection(SolutionConfigurationPlatforms) = preSolution
		Debug|Any CPU = Debug|Any CPU
		Debug|Mixed Platforms = Debug|Mixed Platforms
		Debug|x86 = Debug|x86
		Release|Any CPU = Release|Any CPU
		Release|Mixed Platforms = Release|Mixed Platforms
		Release|x86 = Release|x86
	EndGlobalSection
	GlobalSection(ProjectConfigurationPlatforms) = postSolution
		{7920C051-2014-4E48-B025-1DC0E3DDFF67}.Debug|Any CPU.ActiveCfg = Debug|Any CPU
		{7920C051-2014-4E48-B025-1DC0E3DDFF67}.Debug|Any CPU.Build.0 = Debug|Any CPU
		{7920C051-2014-4E48-B025-1DC0E3DDFF67}.Debug|Mixed Platforms.ActiveCfg = Debug|Any CPU
		{7920C051-2014-4E48-B025-1DC0E3DDFF67}.Debug|Mixed Platforms.Build.0 = Debug|Any CPU
		{7920C051-2014-4E48-B025-1DC0E3DDFF67}.Debug|x86.ActiveCfg = Debug|Any CPU
		{7920C051-2014-4E48-B025-1DC0E3DDFF67}.Release|Any CPU.ActiveCfg = Release|Any CPU
		{7920C051-2014-4E48-B025-1DC0E3DDFF67}.Release|Any CPU.Build.0 = Release|Any CPU
		{7920C051-2014-4E48-B025-1DC0E3DDFF67}.Release|Mixed Platforms.ActiveCfg = Release|Any CPU
		{7920C051-2014-4E48-B025-1DC0E3DDFF67}.Release|Mixed Platforms.Build.0 = Release|Any CPU
		{7920C051-2014-4E48-B025-1DC0E3DDFF67}.Release|x86.ActiveCfg = Release|Any CPU
		{D0C7E0B1-8B5A-47AA-A5C2-8ACA6A936033}.Debug|Any CPU.ActiveCfg = Debug|x86
		{D0C7E0B1-8B5A-47AA-A5C2-8ACA6A936033}.Debug|Mixed Platforms.ActiveCfg = Debug|x86
		{D0C7E0B1-8B5A-47AA-A5C2-8ACA6A936033}.Debug|Mixed Platforms.Build.0 = Debug|x86
		{D0C7E0B1-8B5A-47AA-A5C2-8ACA6A936033}.Debug|x86.ActiveCfg = Debug|x86
		{D0C7E0B1-8B5A-47AA-A5C2-8ACA6A936033}.Debug|x86.Build.0 = Debug|x86
		{D0C7E0B1-8B5A-47AA-A5C2-8ACA6A936033}.Release|Any CPU.ActiveCfg = Release|x86
		{D0C7E0B1-8B5A-47AA-A5C2-8ACA6A936033}.Release|Mixed Platforms.ActiveCfg = Release|x86
		{D0C7E0B1-8B5A-47AA-A5C2-8ACA6A936033}.Release|Mixed Platforms.Build.0 = Release|x86
		{D0C7E0B1-8B5A-47AA-A5C2-8ACA6A936033}.Release|x86.ActiveCfg = Release|x86
		{D0C7E0B1-8B5A-47AA-A5C2-8ACA6A936033}.Release|x86.Build.0 = Release|x86
	EndGlobalSection
	GlobalSection(SolutionProperties) = preSolution
		HideSolutionNode = FALSE
	EndGlobalSection
EndGlobal
